
Microsoft Visual Studio Solution File, Format Version 12.00
# Visual Studio 14
VisualStudioVersion = 14.0.25420.1
MinimumVisualStudioVersion = 10.0.40219.1
Project("{FAE04EC0-301F-11D3-BF4B-00C04F79EFBC}") = "Client", "Client-Server\Client.csproj", "{91669C44-8A0A-4757-897D-61397CFF7355}"
EndProject
Project("{FAE04EC0-301F-11D3-BF4B-00C04F79EFBC}") = "Server", "Server\Server.csproj", "{8DC6E205-F9ED-4BE8-A276-9C3988FB7A5E}"
EndProject
Global
	GlobalSection(SolutionConfigurationPlatforms) = preSolution
		Debug|Any CPU = Debug|Any CPU
		Release|Any CPU = Release|Any CPU
	EndGlobalSection
	GlobalSection(ProjectConfigurationPlatforms) = postSolution
		{91669C44-8A0A-4757-897D-61397CFF7355}.Debug|Any CPU.ActiveCfg = Debug|Any CPU
		{91669C44-8A0A-4757-897D-61397CFF7355}.Debug|Any CPU.Build.0 = Debug|Any CPU
		{91669C44-8A0A-4757-897D-61397CFF7355}.Release|Any CPU.ActiveCfg = Release|Any CPU
		{91669C44-8A0A-4757-897D-61397CFF7355}.Release|Any CPU.Build.0 = Release|Any CPU
		{8DC6E205-F9ED-4BE8-A276-9C3988FB7A5E}.Debug|Any CPU.ActiveCfg = Debug|Any CPU
		{8DC6E205-F9ED-4BE8-A276-9C3988FB7A5E}.Debug|Any CPU.Build.0 = Debug|Any CPU
		{8DC6E205-F9ED-4BE8-A276-9C3988FB7A5E}.Release|Any CPU.ActiveCfg = Release|Any CPU
		{8DC6E205-F9ED-4BE8-A276-9C3988FB7A5E}.Release|Any CPU.Build.0 = Release|Any CPU
	EndGlobalSection
	GlobalSection(SolutionProperties) = preSolution
		HideSolutionNode = FALSE
	EndGlobalSection
EndGlobal
